
Microsoft Visual Studio Solution File, Format Version 12.00
# Visual Studio Version 16
VisualStudioVersion = 16.0.30114.105
MinimumVisualStudioVersion = 10.0.40219.1
Project("{9A19103F-16F7-4668-BE54-9A1E7A4F7556}") = "AzureAI.CallCenterTalksAnalysis.FunctionApps", "AzureAI.CallCenterTalksAnalysis.FunctionApps\AzureAI.CallCenterTalksAnalysis.FunctionApps.csproj", "{47E0A83E-6AB4-4379-8428-3DF3C7B40F08}"
EndProject
Project("{9A19103F-16F7-4668-BE54-9A1E7A4F7556}") = "AzureAI.CallCenterTalksAnalysis.Infrastructure", "AzureAI.CallCenterTalksAnalysis.Infrastructure\AzureAI.CallCenterTalksAnalysis.Infrastructure.csproj", "{6D30DE9D-6952-4EA1-A0B4-1E98455C17E2}"
EndProject
Project("{9A19103F-16F7-4668-BE54-9A1E7A4F7556}") = "AzureAI.CallCenterTalksAnalysis.Core", "AzureAI.CallCenterTalksAnalysis.Core\AzureAI.CallCenterTalksAnalysis.Core.csproj", "{8CBF95BD-A6ED-4EBC-BD8A-5FE250DA62D7}"
EndProject
Global
	GlobalSection(SolutionConfigurationPlatforms) = preSolution
		Debug|Any CPU = Debug|Any CPU
		Release|Any CPU = Release|Any CPU
	EndGlobalSection
	GlobalSection(ProjectConfigurationPlatforms) = postSolution
		{47E0A83E-6AB4-4379-8428-3DF3C7B40F08}.Debug|Any CPU.ActiveCfg = Debug|Any CPU
		{47E0A83E-6AB4-4379-8428-3DF3C7B40F08}.Debug|Any CPU.Build.0 = Debug|Any CPU
		{47E0A83E-6AB4-4379-8428-3DF3C7B40F08}.Release|Any CPU.ActiveCfg = Release|Any CPU
		{47E0A83E-6AB4-4379-8428-3DF3C7B40F08}.Release|Any CPU.Build.0 = Release|Any CPU
		{6D30DE9D-6952-4EA1-A0B4-1E98455C17E2}.Debug|Any CPU.ActiveCfg = Debug|Any CPU
		{6D30DE9D-6952-4EA1-A0B4-1E98455C17E2}.Debug|Any CPU.Build.0 = Debug|Any CPU
		{6D30DE9D-6952-4EA1-A0B4-1E98455C17E2}.Release|Any CPU.ActiveCfg = Release|Any CPU
		{6D30DE9D-6952-4EA1-A0B4-1E98455C17E2}.Release|Any CPU.Build.0 = Release|Any CPU
		{8CBF95BD-A6ED-4EBC-BD8A-5FE250DA62D7}.Debug|Any CPU.ActiveCfg = Debug|Any CPU
		{8CBF95BD-A6ED-4EBC-BD8A-5FE250DA62D7}.Debug|Any CPU.Build.0 = Debug|Any CPU
		{8CBF95BD-A6ED-4EBC-BD8A-5FE250DA62D7}.Release|Any CPU.ActiveCfg = Release|Any CPU
		{8CBF95BD-A6ED-4EBC-BD8A-5FE250DA62D7}.Release|Any CPU.Build.0 = Release|Any CPU
	EndGlobalSection
	GlobalSection(SolutionProperties) = preSolution
		HideSolutionNode = FALSE
	EndGlobalSection
	GlobalSection(ExtensibilityGlobals) = postSolution
		SolutionGuid = {BA0E2A24-677F-439F-951B-AC1FFE7D078A}
	EndGlobalSection
EndGlobal
